// !$*UTF8*$!
{
	archiveVersion = 1;
	classes = {
	};
	objectVersion = 50;
	objects = {

/* Begin PBXBuildFile section */
		1801CECF24CEFA5800E8F8F0 /* LinkedList.swift in Sources */ = {isa = PBXBuildFile; fileRef = 1801CECE24CEFA5800E8F8F0 /* LinkedList.swift */; };
		186007FB22F9948000C9F1D0 /* AppDelegate.swift in Sources */ = {isa = PBXBuildFile; fileRef = 186007FA22F9948000C9F1D0 /* AppDelegate.swift */; };
		186007FD22F9948000C9F1D0 /* ViewController.swift in Sources */ = {isa = PBXBuildFile; fileRef = 186007FC22F9948000C9F1D0 /* ViewController.swift */; };
		1860080022F9948000C9F1D0 /* Main.storyboard in Resources */ = {isa = PBXBuildFile; fileRef = 186007FE22F9948000C9F1D0 /* Main.storyboard */; };
		1860080222F9948600C9F1D0 /* Assets.xcassets in Resources */ = {isa = PBXBuildFile; fileRef = 1860080122F9948600C9F1D0 /* Assets.xcassets */; };
		1860080522F9948600C9F1D0 /* LaunchScreen.storyboard in Resources */ = {isa = PBXBuildFile; fileRef = 1860080322F9948600C9F1D0 /* LaunchScreen.storyboard */; };
		1860081022F9948700C9F1D0 /* LeetCodeTests.swift in Sources */ = {isa = PBXBuildFile; fileRef = 1860080F22F9948700C9F1D0 /* LeetCodeTests.swift */; };
		1860081B22F9948700C9F1D0 /* LeetCodeUITests.swift in Sources */ = {isa = PBXBuildFile; fileRef = 1860081A22F9948700C9F1D0 /* LeetCodeUITests.swift */; };
		1860082B22F9AF2700C9F1D0 /* ReverseLinkedList.swift in Sources */ = {isa = PBXBuildFile; fileRef = 1860082A22F9AF2700C9F1D0 /* ReverseLinkedList.swift */; };
		1860082D22FC1E0C00C9F1D0 /*  SwapNodesInPairs.swift in Sources */ = {isa = PBXBuildFile; fileRef = 1860082C22FC1E0C00C9F1D0 /*  SwapNodesInPairs.swift */; };
		1860082F22FC3CA700C9F1D0 /* LinkedListCycle.swift in Sources */ = {isa = PBXBuildFile; fileRef = 1860082E22FC3CA600C9F1D0 /* LinkedListCycle.swift */; };
		1860083222FC4B0C00C9F1D0 /* LinkedListCycleTwo.swift in Sources */ = {isa = PBXBuildFile; fileRef = 1860083122FC4B0C00C9F1D0 /* LinkedListCycleTwo.swift */; };
		1860083722FC4FF200C9F1D0 /* TwoSum.swift in Sources */ = {isa = PBXBuildFile; fileRef = 1860083622FC4FF200C9F1D0 /* TwoSum.swift */; };
/* End PBXBuildFile section */

/* Begin PBXContainerItemProxy section */
		1860080C22F9948700C9F1D0 /* PBXContainerItemProxy */ = {
			isa = PBXContainerItemProxy;
			containerPortal = 186007EF22F9948000C9F1D0 /* Project object */;
			proxyType = 1;
			remoteGlobalIDString = 186007F622F9948000C9F1D0;
			remoteInfo = LeetCode;
		};
		1860081722F9948700C9F1D0 /* PBXContainerItemProxy */ = {
			isa = PBXContainerItemProxy;
			containerPortal = 186007EF22F9948000C9F1D0 /* Project object */;
			proxyType = 1;
			remoteGlobalIDString = 186007F622F9948000C9F1D0;
			remoteInfo = LeetCode;
		};
/* End PBXContainerItemProxy section */

/* Begin PBXFileReference section */
		1801CECE24CEFA5800E8F8F0 /* LinkedList.swift */ = {isa = PBXFileReference; lastKnownFileType = sourcecode.swift; path = LinkedList.swift; sourceTree = "<group>"; };
		186007F722F9948000C9F1D0 /* LeetCode.app */ = {isa = PBXFileReference; explicitFileType = wrapper.application; includeInIndex = 0; path = LeetCode.app; sourceTree = BUILT_PRODUCTS_DIR; };
		186007FA22F9948000C9F1D0 /* AppDelegate.swift */ = {isa = PBXFileReference; lastKnownFileType = sourcecode.swift; path = AppDelegate.swift; sourceTree = "<group>"; };
		186007FC22F9948000C9F1D0 /* ViewController.swift */ = {isa = PBXFileReference; lastKnownFileType = sourcecode.swift; path = ViewController.swift; sourceTree = "<group>"; };
		186007FF22F9948000C9F1D0 /* Base */ = {isa = PBXFileReference; lastKnownFileType = file.storyboard; name = Base; path = Base.lproj/Main.storyboard; sourceTree = "<group>"; };
		1860080122F9948600C9F1D0 /* Assets.xcassets */ = {isa = PBXFileReference; lastKnownFileType = folder.assetcatalog; path = Assets.xcassets; sourceTree = "<group>"; };
		1860080422F9948600C9F1D0 /* Base */ = {isa = PBXFileReference; lastKnownFileType = file.storyboard; name = Base; path = Base.lproj/LaunchScreen.storyboard; sourceTree = "<group>"; };
		1860080622F9948600C9F1D0 /* Info.plist */ = {isa = PBXFileReference; lastKnownFileType = text.plist.xml; path = Info.plist; sourceTree = "<group>"; };
		1860080B22F9948700C9F1D0 /* LeetCodeTests.xctest */ = {isa = PBXFileReference; explicitFileType = wrapper.cfbundle; includeInIndex = 0; path = LeetCodeTests.xctest; sourceTree = BUILT_PRODUCTS_DIR; };
		1860080F22F9948700C9F1D0 /* LeetCodeTests.swift */ = {isa = PBXFileReference; lastKnownFileType = sourcecode.swift; path = LeetCodeTests.swift; sourceTree = "<group>"; };
		1860081122F9948700C9F1D0 /* Info.plist */ = {isa = PBXFileReference; lastKnownFileType = text.plist.xml; path = Info.plist; sourceTree = "<group>"; };
		1860081622F9948700C9F1D0 /* LeetCodeUITests.xctest */ = {isa = PBXFileReference; explicitFileType = wrapper.cfbundle; includeInIndex = 0; path = LeetCodeUITests.xctest; sourceTree = BUILT_PRODUCTS_DIR; };
		1860081A22F9948700C9F1D0 /* LeetCodeUITests.swift */ = {isa = PBXFileReference; lastKnownFileType = sourcecode.swift; path = LeetCodeUITests.swift; sourceTree = "<group>"; };
		1860081C22F9948700C9F1D0 /* Info.plist */ = {isa = PBXFileReference; lastKnownFileType = text.plist.xml; path = Info.plist; sourceTree = "<group>"; };
		1860082A22F9AF2700C9F1D0 /* ReverseLinkedList.swift */ = {isa = PBXFileReference; lastKnownFileType = sourcecode.swift; path = ReverseLinkedList.swift; sourceTree = "<group>"; };
		1860082C22FC1E0C00C9F1D0 /*  SwapNodesInPairs.swift */ = {isa = PBXFileReference; lastKnownFileType = sourcecode.swift; path = " SwapNodesInPairs.swift"; sourceTree = "<group>"; };
		1860082E22FC3CA600C9F1D0 /* LinkedListCycle.swift */ = {isa = PBXFileReference; lastKnownFileType = sourcecode.swift; path = LinkedListCycle.swift; sourceTree = "<group>"; };
		1860083122FC4B0C00C9F1D0 /* LinkedListCycleTwo.swift */ = {isa = PBXFileReference; lastKnownFileType = sourcecode.swift; path = LinkedListCycleTwo.swift; sourceTree = "<group>"; };
		1860083622FC4FF200C9F1D0 /* TwoSum.swift */ = {isa = PBXFileReference; fileEncoding = 4; lastKnownFileType = sourcecode.swift; path = TwoSum.swift; sourceTree = "<group>"; };
/* End PBXFileReference section */

/* Begin PBXFrameworksBuildPhase section */
		186007F422F9948000C9F1D0 /* Frameworks */ = {
			isa = PBXFrameworksBuildPhase;
			buildActionMask = 2147483647;
			files = (
			);
			runOnlyForDeploymentPostprocessing = 0;
		};
		1860080822F9948700C9F1D0 /* Frameworks */ = {
			isa = PBXFrameworksBuildPhase;
			buildActionMask = 2147483647;
			files = (
			);
			runOnlyForDeploymentPostprocessing = 0;
		};
		1860081322F9948700C9F1D0 /* Frameworks */ = {
			isa = PBXFrameworksBuildPhase;
			buildActionMask = 2147483647;
			files = (
			);
			runOnlyForDeploymentPostprocessing = 0;
		};
/* End PBXFrameworksBuildPhase section */

/* Begin PBXGroup section */
		186007EE22F9948000C9F1D0 = {
			isa = PBXGroup;
			children = (
				186007F922F9948000C9F1D0 /* LeetCode */,
				1860083022FC3CC500C9F1D0 /* Others */,
				1860080E22F9948700C9F1D0 /* LeetCodeTests */,
				1860081922F9948700C9F1D0 /* LeetCodeUITests */,
				186007F822F9948000C9F1D0 /* Products */,
			);
			sourceTree = "<group>";
		};
		186007F822F9948000C9F1D0 /* Products */ = {
			isa = PBXGroup;
			children = (
				186007F722F9948000C9F1D0 /* LeetCode.app */,
				1860080B22F9948700C9F1D0 /* LeetCodeTests.xctest */,
				1860081622F9948700C9F1D0 /* LeetCodeUITests.xctest */,
			);
			name = Products;
			sourceTree = "<group>";
		};
		186007F922F9948000C9F1D0 /* LeetCode */ = {
			isa = PBXGroup;
			children = (
				188D250E24D076FB0073AA9B /* 链表 */,
				1860083622FC4FF200C9F1D0 /* TwoSum.swift */,
				1860082A22F9AF2700C9F1D0 /* ReverseLinkedList.swift */,
				1860082C22FC1E0C00C9F1D0 /*  SwapNodesInPairs.swift */,
			);
			path = LeetCode;
			sourceTree = "<group>";
		};
		1860080E22F9948700C9F1D0 /* LeetCodeTests */ = {
			isa = PBXGroup;
			children = (
				1860080F22F9948700C9F1D0 /* LeetCodeTests.swift */,
				1860081122F9948700C9F1D0 /* Info.plist */,
			);
			path = LeetCodeTests;
			sourceTree = "<group>";
		};
		1860081922F9948700C9F1D0 /* LeetCodeUITests */ = {
			isa = PBXGroup;
			children = (
				1860081A22F9948700C9F1D0 /* LeetCodeUITests.swift */,
				1860081C22F9948700C9F1D0 /* Info.plist */,
			);
			path = LeetCodeUITests;
			sourceTree = "<group>";
		};
		1860083022FC3CC500C9F1D0 /* Others */ = {
			isa = PBXGroup;
			children = (
				186007FE22F9948000C9F1D0 /* Main.storyboard */,
				1860080122F9948600C9F1D0 /* Assets.xcassets */,
				186007FA22F9948000C9F1D0 /* AppDelegate.swift */,
				1860080322F9948600C9F1D0 /* LaunchScreen.storyboard */,
				1860080622F9948600C9F1D0 /* Info.plist */,
				186007FC22F9948000C9F1D0 /* ViewController.swift */,
			);
			path = Others;
			sourceTree = "<group>";
		};
		188D250E24D076FB0073AA9B /* 链表 */ = {
			isa = PBXGroup;
			children = (
				1860082E22FC3CA600C9F1D0 /* LinkedListCycle.swift */,
				1860083122FC4B0C00C9F1D0 /* LinkedListCycleTwo.swift */,
				1801CECE24CEFA5800E8F8F0 /* LinkedList.swift */,
			);
			path = "链表";
			sourceTree = "<group>";
		};
/* End PBXGroup section */

/* Begin PBXNativeTarget section */
		186007F622F9948000C9F1D0 /* LeetCode */ = {
			isa = PBXNativeTarget;
			buildConfigurationList = 1860081F22F9948700C9F1D0 /* Build configuration list for PBXNativeTarget "LeetCode" */;
			buildPhases = (
				186007F322F9948000C9F1D0 /* Sources */,
				186007F422F9948000C9F1D0 /* Frameworks */,
				186007F522F9948000C9F1D0 /* Resources */,
			);
			buildRules = (
			);
			dependencies = (
			);
			name = LeetCode;
			productName = LeetCode;
			productReference = 186007F722F9948000C9F1D0 /* LeetCode.app */;
			productType = "com.apple.product-type.application";
		};
		1860080A22F9948700C9F1D0 /* LeetCodeTests */ = {
			isa = PBXNativeTarget;
			buildConfigurationList = 1860082222F9948700C9F1D0 /* Build configuration list for PBXNativeTarget "LeetCodeTests" */;
			buildPhases = (
				1860080722F9948700C9F1D0 /* Sources */,
				1860080822F9948700C9F1D0 /* Frameworks */,
				1860080922F9948700C9F1D0 /* Resources */,
			);
			buildRules = (
			);
			dependencies = (
				1860080D22F9948700C9F1D0 /* PBXTargetDependency */,
			);
			name = LeetCodeTests;
			productName = LeetCodeTests;
			productReference = 1860080B22F9948700C9F1D0 /* LeetCodeTests.xctest */;
			productType = "com.apple.product-type.bundle.unit-test";
		};
		1860081522F9948700C9F1D0 /* LeetCodeUITests */ = {
			isa = PBXNativeTarget;
			buildConfigurationList = 1860082522F9948700C9F1D0 /* Build configuration list for PBXNativeTarget "LeetCodeUITests" */;
			buildPhases = (
				1860081222F9948700C9F1D0 /* Sources */,
				1860081322F9948700C9F1D0 /* Frameworks */,
				1860081422F9948700C9F1D0 /* Resources */,
			);
			buildRules = (
			);
			dependencies = (
				1860081822F9948700C9F1D0 /* PBXTargetDependency */,
			);
			name = LeetCodeUITests;
			productName = LeetCodeUITests;
			productReference = 1860081622F9948700C9F1D0 /* LeetCodeUITests.xctest */;
			productType = "com.apple.product-type.bundle.ui-testing";
		};
/* End PBXNativeTarget section */

/* Begin PBXProject section */
		186007EF22F9948000C9F1D0 /* Project object */ = {
			isa = PBXProject;
			attributes = {
				LastSwiftUpdateCheck = 1020;
				LastUpgradeCheck = 1020;
				ORGANIZATIONNAME = apple;
				TargetAttributes = {
					186007F622F9948000C9F1D0 = {
						CreatedOnToolsVersion = 10.2.1;
					};
					1860080A22F9948700C9F1D0 = {
						CreatedOnToolsVersion = 10.2.1;
						TestTargetID = 186007F622F9948000C9F1D0;
					};
					1860081522F9948700C9F1D0 = {
						CreatedOnToolsVersion = 10.2.1;
						TestTargetID = 186007F622F9948000C9F1D0;
					};
				};
			};
			buildConfigurationList = 186007F222F9948000C9F1D0 /* Build configuration list for PBXProject "LeetCode" */;
			compatibilityVersion = "Xcode 9.3";
			developmentRegion = en;
			hasScannedForEncodings = 0;
			knownRegions = (
				en,
				Base,
			);
			mainGroup = 186007EE22F9948000C9F1D0;
			productRefGroup = 186007F822F9948000C9F1D0 /* Products */;
			projectDirPath = "";
			projectRoot = "";
			targets = (
				186007F622F9948000C9F1D0 /* LeetCode */,
				1860080A22F9948700C9F1D0 /* LeetCodeTests */,
				1860081522F9948700C9F1D0 /* LeetCodeUITests */,
			);
		};
/* End PBXProject section */

/* Begin PBXResourcesBuildPhase section */
		186007F522F9948000C9F1D0 /* Resources */ = {
			isa = PBXResourcesBuildPhase;
			buildActionMask = 2147483647;
			files = (
				1860080522F9948600C9F1D0 /* LaunchScreen.storyboard in Resources */,
				1860080222F9948600C9F1D0 /* Assets.xcassets in Resources */,
				1860080022F9948000C9F1D0 /* Main.storyboard in Resources */,
			);
			runOnlyForDeploymentPostprocessing = 0;
		};
		1860080922F9948700C9F1D0 /* Resources */ = {
			isa = PBXResourcesBuildPhase;
			buildActionMask = 2147483647;
			files = (
			);
			runOnlyForDeploymentPostprocessing = 0;
		};
		1860081422F9948700C9F1D0 /* Resources */ = {
			isa = PBXResourcesBuildPhase;
			buildActionMask = 2147483647;
			files = (
			);
			runOnlyForDeploymentPostprocessing = 0;
		};
/* End PBXResourcesBuildPhase section */

/* Begin PBXSourcesBuildPhase section */
		186007F322F9948000C9F1D0 /* Sources */ = {
			isa = PBXSourcesBuildPhase;
			buildActionMask = 2147483647;
			files = (
				186007FD22F9948000C9F1D0 /* ViewController.swift in Sources */,
				1860082F22FC3CA700C9F1D0 /* LinkedListCycle.swift in Sources */,
				1860083222FC4B0C00C9F1D0 /* LinkedListCycleTwo.swift in Sources */,
				1860082B22F9AF2700C9F1D0 /* ReverseLinkedList.swift in Sources */,
				1860082D22FC1E0C00C9F1D0 /*  SwapNodesInPairs.swift in Sources */,
				1860083722FC4FF200C9F1D0 /* TwoSum.swift in Sources */,
				1801CECF24CEFA5800E8F8F0 /* LinkedList.swift in Sources */,
				186007FB22F9948000C9F1D0 /* AppDelegate.swift in Sources */,
			);
			runOnlyForDeploymentPostprocessing = 0;
		};
		1860080722F9948700C9F1D0 /* Sources */ = {
			isa = PBXSourcesBuildPhase;
			buildActionMask = 2147483647;
			files = (
				1860081022F9948700C9F1D0 /* LeetCodeTests.swift in Sources */,
			);
			runOnlyForDeploymentPostprocessing = 0;
		};
		1860081222F9948700C9F1D0 /* Sources */ = {
			isa = PBXSourcesBuildPhase;
			buildActionMask = 2147483647;
			files = (
				1860081B22F9948700C9F1D0 /* LeetCodeUITests.swift in Sources */,
			);
			runOnlyForDeploymentPostprocessing = 0;
		};
/* End PBXSourcesBuildPhase section */

/* Begin PBXTargetDependency section */
		1860080D22F9948700C9F1D0 /* PBXTargetDependency */ = {
			isa = PBXTargetDependency;
			target = 186007F622F9948000C9F1D0 /* LeetCode */;
			targetProxy = 1860080C22F9948700C9F1D0 /* PBXContainerItemProxy */;
		};
		1860081822F9948700C9F1D0 /* PBXTargetDependency */ = {
			isa = PBXTargetDependency;
			target = 186007F622F9948000C9F1D0 /* LeetCode */;
			targetProxy = 1860081722F9948700C9F1D0 /* PBXContainerItemProxy */;
		};
/* End PBXTargetDependency section */

/* Begin PBXVariantGroup section */
		186007FE22F9948000C9F1D0 /* Main.storyboard */ = {
			isa = PBXVariantGroup;
			children = (
				186007FF22F9948000C9F1D0 /* Base */,
			);
			name = Main.storyboard;
			sourceTree = "<group>";
		};
		1860080322F9948600C9F1D0 /* LaunchScreen.storyboard */ = {
			isa = PBXVariantGroup;
			children = (
				1860080422F9948600C9F1D0 /* Base */,
			);
			name = LaunchScreen.storyboard;
			sourceTree = "<group>";
		};
/* End PBXVariantGroup section */

/* Begin XCBuildConfiguration section */
		1860081D22F9948700C9F1D0 /* Debug */ = {
			isa = XCBuildConfiguration;
			buildSettings = {
				ALWAYS_SEARCH_USER_PATHS = NO;
				CLANG_ANALYZER_NONNULL = YES;
				CLANG_ANALYZER_NUMBER_OBJECT_CONVERSION = YES_AGGRESSIVE;
				CLANG_CXX_LANGUAGE_STANDARD = "gnu++14";
				CLANG_CXX_LIBRARY = "libc++";
				CLANG_ENABLE_MODULES = YES;
				CLANG_ENABLE_OBJC_ARC = YES;
				CLANG_ENABLE_OBJC_WEAK = YES;
				CLANG_WARN_BLOCK_CAPTURE_AUTORELEASING = YES;
				CLANG_WARN_BOOL_CONVERSION = YES;
				CLANG_WARN_COMMA = YES;
				CLANG_WARN_CONSTANT_CONVERSION = YES;
				CLANG_WARN_DEPRECATED_OBJC_IMPLEMENTATIONS = YES;
				CLANG_WARN_DIRECT_OBJC_ISA_USAGE = YES_ERROR;
				CLANG_WARN_DOCUMENTATION_COMMENTS = YES;
				CLANG_WARN_EMPTY_BODY = YES;
				CLANG_WARN_ENUM_CONVERSION = YES;
				CLANG_WARN_INFINITE_RECURSION = YES;
				CLANG_WARN_INT_CONVERSION = YES;
				CLANG_WARN_NON_LITERAL_NULL_CONVERSION = YES;
				CLANG_WARN_OBJC_IMPLICIT_RETAIN_SELF = YES;
				CLANG_WARN_OBJC_LITERAL_CONVERSION = YES;
				CLANG_WARN_OBJC_ROOT_CLASS = YES_ERROR;
				CLANG_WARN_RANGE_LOOP_ANALYSIS = YES;
				CLANG_WARN_STRICT_PROTOTYPES = YES;
				CLANG_WARN_SUSPICIOUS_MOVE = YES;
				CLANG_WARN_UNGUARDED_AVAILABILITY = YES_AGGRESSIVE;
				CLANG_WARN_UNREACHABLE_CODE = YES;
				CLANG_WARN__DUPLICATE_METHOD_MATCH = YES;
				CODE_SIGN_IDENTITY = "iPhone Developer";
				COPY_PHASE_STRIP = NO;
				DEBUG_INFORMATION_FORMAT = dwarf;
				ENABLE_STRICT_OBJC_MSGSEND = YES;
				ENABLE_TESTABILITY = YES;
				GCC_C_LANGUAGE_STANDARD = gnu11;
				GCC_DYNAMIC_NO_PIC = NO;
				GCC_NO_COMMON_BLOCKS = YES;
				GCC_OPTIMIZATION_LEVEL = 0;
				GCC_PREPROCESSOR_DEFINITIONS = (
					"DEBUG=1",
					"$(inherited)",
				);
				GCC_WARN_64_TO_32_BIT_CONVERSION = YES;
				GCC_WARN_ABOUT_RETURN_TYPE = YES_ERROR;
				GCC_WARN_UNDECLARED_SELECTOR = YES;
				GCC_WARN_UNINITIALIZED_AUTOS = YES_AGGRESSIVE;
				GCC_WARN_UNUSED_FUNCTION = YES;
				GCC_WARN_UNUSED_VARIABLE = YES;
				IPHONEOS_DEPLOYMENT_TARGET = 12.2;
				MTL_ENABLE_DEBUG_INFO = INCLUDE_SOURCE;
				MTL_FAST_MATH = YES;
				ONLY_ACTIVE_ARCH = YES;
				SDKROOT = iphoneos;
				SWIFT_ACTIVE_COMPILATION_CONDITIONS = DEBUG;
				SWIFT_OPTIMIZATION_LEVEL = "-Onone";
			};
			name = Debug;
		};
		1860081E22F9948700C9F1D0 /* Release */ = {
			isa = XCBuildConfiguration;
			buildSettings = {
				ALWAYS_SEARCH_USER_PATHS = NO;
				CLANG_ANALYZER_NONNULL = YES;
				CLANG_ANALYZER_NUMBER_OBJECT_CONVERSION = YES_AGGRESSIVE;
				CLANG_CXX_LANGUAGE_STANDARD = "gnu++14";
				CLANG_CXX_LIBRARY = "libc++";
				CLANG_ENABLE_MODULES = YES;
				CLANG_ENABLE_OBJC_ARC = YES;
				CLANG_ENABLE_OBJC_WEAK = YES;
				CLANG_WARN_BLOCK_CAPTURE_AUTORELEASING = YES;
				CLANG_WARN_BOOL_CONVERSION = YES;
				CLANG_WARN_COMMA = YES;
				CLANG_WARN_CONSTANT_CONVERSION = YES;
				CLANG_WARN_DEPRECATED_OBJC_IMPLEMENTATIONS = YES;
				CLANG_WARN_DIRECT_OBJC_ISA_USAGE = YES_ERROR;
				CLANG_WARN_DOCUMENTATION_COMMENTS = YES;
				CLANG_WARN_EMPTY_BODY = YES;
				CLANG_WARN_ENUM_CONVERSION = YES;
				CLANG_WARN_INFINITE_RECURSION = YES;
				CLANG_WARN_INT_CONVERSION = YES;
				CLANG_WARN_NON_LITERAL_NULL_CONVERSION = YES;
				CLANG_WARN_OBJC_IMPLICIT_RETAIN_SELF = YES;
				CLANG_WARN_OBJC_LITERAL_CONVERSION = YES;
				CLANG_WARN_OBJC_ROOT_CLASS = YES_ERROR;
				CLANG_WARN_RANGE_LOOP_ANALYSIS = YES;
				CLANG_WARN_STRICT_PROTOTYPES = YES;
				CLANG_WARN_SUSPICIOUS_MOVE = YES;
				CLANG_WARN_UNGUARDED_AVAILABILITY = YES_AGGRESSIVE;
				CLANG_WARN_UNREACHABLE_CODE = YES;
				CLANG_WARN__DUPLICATE_METHOD_MATCH = YES;
				CODE_SIGN_IDENTITY = "iPhone Developer";
				COPY_PHASE_STRIP = NO;
				DEBUG_INFORMATION_FORMAT = "dwarf-with-dsym";
				ENABLE_NS_ASSERTIONS = NO;
				ENABLE_STRICT_OBJC_MSGSEND = YES;
				GCC_C_LANGUAGE_STANDARD = gnu11;
				GCC_NO_COMMON_BLOCKS = YES;
				GCC_WARN_64_TO_32_BIT_CONVERSION = YES;
				GCC_WARN_ABOUT_RETURN_TYPE = YES_ERROR;
				GCC_WARN_UNDECLARED_SELECTOR = YES;
				GCC_WARN_UNINITIALIZED_AUTOS = YES_AGGRESSIVE;
				GCC_WARN_UNUSED_FUNCTION = YES;
				GCC_WARN_UNUSED_VARIABLE = YES;
				IPHONEOS_DEPLOYMENT_TARGET = 12.2;
				MTL_ENABLE_DEBUG_INFO = NO;
				MTL_FAST_MATH = YES;
				SDKROOT = iphoneos;
				SWIFT_COMPILATION_MODE = wholemodule;
				SWIFT_OPTIMIZATION_LEVEL = "-O";
				VALIDATE_PRODUCT = YES;
			};
			name = Release;
		};
		1860082022F9948700C9F1D0 /* Debug */ = {
			isa = XCBuildConfiguration;
			buildSettings = {
				ASSETCATALOG_COMPILER_APPICON_NAME = AppIcon;
				CODE_SIGN_STYLE = Automatic;
				INFOPLIST_FILE = LeetCode/Info.plist;
				LD_RUNPATH_SEARCH_PATHS = (
					"$(inherited)",
					"@executable_path/Frameworks",
				);
				PRODUCT_BUNDLE_IDENTIFIER = apple.LeetCode;
				PRODUCT_NAME = "$(TARGET_NAME)";
				SWIFT_VERSION = 5.0;
				TARGETED_DEVICE_FAMILY = "1,2";
			};
			name = Debug;
		};
		1860082122F9948700C9F1D0 /* Release */ = {
			isa = XCBuildConfiguration;
			buildSettings = {
				ASSETCATALOG_COMPILER_APPICON_NAME = AppIcon;
				CODE_SIGN_STYLE = Automatic;
				INFOPLIST_FILE = LeetCode/Info.plist;
				LD_RUNPATH_SEARCH_PATHS = (
					"$(inherited)",
					"@executable_path/Frameworks",
				);
				PRODUCT_BUNDLE_IDENTIFIER = apple.LeetCode;
				PRODUCT_NAME = "$(TARGET_NAME)";
				SWIFT_VERSION = 5.0;
				TARGETED_DEVICE_FAMILY = "1,2";
			};
			name = Release;
		};
		1860082322F9948700C9F1D0 /* Debug */ = {
			isa = XCBuildConfiguration;
			buildSettings = {
				ALWAYS_EMBED_SWIFT_STANDARD_LIBRARIES = YES;
				BUNDLE_LOADER = "$(TEST_HOST)";
				CODE_SIGN_STYLE = Automatic;
				INFOPLIST_FILE = LeetCodeTests/Info.plist;
				LD_RUNPATH_SEARCH_PATHS = (
					"$(inherited)",
					"@executable_path/Frameworks",
					"@loader_path/Frameworks",
				);
				PRODUCT_BUNDLE_IDENTIFIER = apple.LeetCodeTests;
				PRODUCT_NAME = "$(TARGET_NAME)";
				SWIFT_VERSION = 5.0;
				TARGETED_DEVICE_FAMILY = "1,2";
				TEST_HOST = "$(BUILT_PRODUCTS_DIR)/LeetCode.app/LeetCode";
			};
			name = Debug;
		};
		1860082422F9948700C9F1D0 /* Release */ = {
			isa = XCBuildConfiguration;
			buildSettings = {
				ALWAYS_EMBED_SWIFT_STANDARD_LIBRARIES = YES;
				BUNDLE_LOADER = "$(TEST_HOST)";
				CODE_SIGN_STYLE = Automatic;
				INFOPLIST_FILE = LeetCodeTests/Info.plist;
				LD_RUNPATH_SEARCH_PATHS = (
					"$(inherited)",
					"@executable_path/Frameworks",
					"@loader_path/Frameworks",
				);
				PRODUCT_BUNDLE_IDENTIFIER = apple.LeetCodeTests;
				PRODUCT_NAME = "$(TARGET_NAME)";
				SWIFT_VERSION = 5.0;
				TARGETED_DEVICE_FAMILY = "1,2";
				TEST_HOST = "$(BUILT_PRODUCTS_DIR)/LeetCode.app/LeetCode";
			};
			name = Release;
		};
		1860082622F9948700C9F1D0 /* Debug */ = {
			isa = XCBuildConfiguration;
			buildSettings = {
				ALWAYS_EMBED_SWIFT_STANDARD_LIBRARIES = YES;
				CODE_SIGN_STYLE = Automatic;
				INFOPLIST_FILE = LeetCodeUITests/Info.plist;
				LD_RUNPATH_SEARCH_PATHS = (
					"$(inherited)",
					"@executable_path/Frameworks",
					"@loader_path/Frameworks",
				);
				PRODUCT_BUNDLE_IDENTIFIER = apple.LeetCodeUITests;
				PRODUCT_NAME = "$(TARGET_NAME)";
				SWIFT_VERSION = 5.0;
				TARGETED_DEVICE_FAMILY = "1,2";
				TEST_TARGET_NAME = LeetCode;
			};
			name = Debug;
		};
		1860082722F9948700C9F1D0 /* Release */ = {
			isa = XCBuildConfiguration;
			buildSettings = {
				ALWAYS_EMBED_SWIFT_STANDARD_LIBRARIES = YES;
				CODE_SIGN_STYLE = Automatic;
				INFOPLIST_FILE = LeetCodeUITests/Info.plist;
				LD_RUNPATH_SEARCH_PATHS = (
					"$(inherited)",
					"@executable_path/Frameworks",
					"@loader_path/Frameworks",
				);
				PRODUCT_BUNDLE_IDENTIFIER = apple.LeetCodeUITests;
				PRODUCT_NAME = "$(TARGET_NAME)";
				SWIFT_VERSION = 5.0;
				TARGETED_DEVICE_FAMILY = "1,2";
				TEST_TARGET_NAME = LeetCode;
			};
			name = Release;
		};
/* End XCBuildConfiguration section */

/* Begin XCConfigurationList section */
		186007F222F9948000C9F1D0 /* Build configuration list for PBXProject "LeetCode" */ = {
			isa = XCConfigurationList;
			buildConfigurations = (
				1860081D22F9948700C9F1D0 /* Debug */,
				1860081E22F9948700C9F1D0 /* Release */,
			);
			defaultConfigurationIsVisible = 0;
			defaultConfigurationName = Release;
		};
		1860081F22F9948700C9F1D0 /* Build configuration list for PBXNativeTarget "LeetCode" */ = {
			isa = XCConfigurationList;
			buildConfigurations = (
				1860082022F9948700C9F1D0 /* Debug */,
				1860082122F9948700C9F1D0 /* Release */,
			);
			defaultConfigurationIsVisible = 0;
			defaultConfigurationName = Release;
		};
		1860082222F9948700C9F1D0 /* Build configuration list for PBXNativeTarget "LeetCodeTests" */ = {
			isa = XCConfigurationList;
			buildConfigurations = (
				1860082322F9948700C9F1D0 /* Debug */,
				1860082422F9948700C9F1D0 /* Release */,
			);
			defaultConfigurationIsVisible = 0;
			defaultConfigurationName = Release;
		};
		1860082522F9948700C9F1D0 /* Build configuration list for PBXNativeTarget "LeetCodeUITests" */ = {
			isa = XCConfigurationList;
			buildConfigurations = (
				1860082622F9948700C9F1D0 /* Debug */,
				1860082722F9948700C9F1D0 /* Release */,
			);
			defaultConfigurationIsVisible = 0;
			defaultConfigurationName = Release;
		};
/* End XCConfigurationList section */
	};
	rootObject = 186007EF22F9948000C9F1D0 /* Project object */;
}
